
Microsoft Visual Studio Solution File, Format Version 12.00
# Visual Studio Version 16
VisualStudioVersion = 16.0.29025.244
MinimumVisualStudioVersion = 10.0.40219.1
Project("{FAE04EC0-301F-11D3-BF4B-00C04F79EFBC}") = "3.Composition", "3.Composition\3.Composition.csproj", "{A1E46EBF-55C1-4F41-9F72-6447E149127D}"
EndProject
Global
	GlobalSection(SolutionConfigurationPlatforms) = preSolution
		Debug|Any CPU = Debug|Any CPU
		Release|Any CPU = Release|Any CPU
	EndGlobalSection
	GlobalSection(ProjectConfigurationPlatforms) = postSolution
		{A1E46EBF-55C1-4F41-9F72-6447E149127D}.Debug|Any CPU.ActiveCfg = Debug|Any CPU
		{A1E46EBF-55C1-4F41-9F72-6447E149127D}.Debug|Any CPU.Build.0 = Debug|Any CPU
		{A1E46EBF-55C1-4F41-9F72-6447E149127D}.Release|Any CPU.ActiveCfg = Release|Any CPU
		{A1E46EBF-55C1-4F41-9F72-6447E149127D}.Release|Any CPU.Build.0 = Release|Any CPU
	EndGlobalSection
	GlobalSection(SolutionProperties) = preSolution
		HideSolutionNode = FALSE
	EndGlobalSection
	GlobalSection(ExtensibilityGlobals) = postSolution
		SolutionGuid = {F9ED3FD3-8EAC-4BC0-8860-8D7E8F2725AB}
	EndGlobalSection
EndGlobal
